// !$*UTF8*$!
{
	archiveVersion = 1;
	classes = {
	};
	objectVersion = 50;
	objects = {

/* Begin PBXBuildFile section */
		079C20D521F91C6600D0229E /* AppDelegate.swift in Sources */ = {isa = PBXBuildFile; fileRef = 079C20D421F91C6600D0229E /* AppDelegate.swift */; };
		079C20D721F91C6700D0229E /* Assets.xcassets in Resources */ = {isa = PBXBuildFile; fileRef = 079C20D621F91C6700D0229E /* Assets.xcassets */; };
		079C20DA21F91C6700D0229E /* MainMenu.xib in Resources */ = {isa = PBXBuildFile; fileRef = 079C20D821F91C6700D0229E /* MainMenu.xib */; };
		079C20F321F91CFF00D0229E /* saverView.swift in Sources */ = {isa = PBXBuildFile; fileRef = 079C20F221F91CFF00D0229E /* saverView.swift */; };
		07A1DB432368AF6E002C0474 /* SpriteScreenSaverView.swift in Sources */ = {isa = PBXBuildFile; fileRef = 07A1DB412368AF67002C0474 /* SpriteScreenSaverView.swift */; };
		07A1DB462368AFB4002C0474 /* PeaceClockScene.swift in Sources */ = {isa = PBXBuildFile; fileRef = 07A1DB442368AFB4002C0474 /* PeaceClockScene.swift */; };
/* End PBXBuildFile section */

/* Begin PBXContainerItemProxy section */
		079C20F421F91D7300D0229E /* PBXContainerItemProxy */ = {
			isa = PBXContainerItemProxy;
			containerPortal = 079C20A121F91BC200D0229E /* Project object */;
			proxyType = 1;
			remoteGlobalIDString = 079C20E421F91CBE00D0229E;
			remoteInfo = "Pickup Sticks";
		};
/* End PBXContainerItemProxy section */

/* Begin PBXFileReference section */
		079C20D221F91C6600D0229E /* Runner.app */ = {isa = PBXFileReference; explicitFileType = wrapper.application; includeInIndex = 0; path = Runner.app; sourceTree = BUILT_PRODUCTS_DIR; };
		079C20D421F91C6600D0229E /* AppDelegate.swift */ = {isa = PBXFileReference; lastKnownFileType = sourcecode.swift; path = AppDelegate.swift; sourceTree = "<group>"; };
		079C20D621F91C6700D0229E /* Assets.xcassets */ = {isa = PBXFileReference; lastKnownFileType = folder.assetcatalog; path = Assets.xcassets; sourceTree = "<group>"; };
		079C20D921F91C6700D0229E /* Base */ = {isa = PBXFileReference; lastKnownFileType = file.xib; name = Base; path = Base.lproj/MainMenu.xib; sourceTree = "<group>"; };
		079C20DB21F91C6700D0229E /* Info.plist */ = {isa = PBXFileReference; lastKnownFileType = text.plist.xml; path = Info.plist; sourceTree = "<group>"; };
		079C20DC21F91C6700D0229E /* Runner.entitlements */ = {isa = PBXFileReference; lastKnownFileType = text.plist.entitlements; path = Runner.entitlements; sourceTree = "<group>"; };
		079C20E521F91CBE00D0229E /* PeaceClock.saver */ = {isa = PBXFileReference; explicitFileType = wrapper.cfbundle; includeInIndex = 0; path = PeaceClock.saver; sourceTree = BUILT_PRODUCTS_DIR; };
		079C20EB21F91CBE00D0229E /* Info.plist */ = {isa = PBXFileReference; lastKnownFileType = text.plist.xml; path = Info.plist; sourceTree = "<group>"; };
		079C20F221F91CFF00D0229E /* saverView.swift */ = {isa = PBXFileReference; lastKnownFileType = sourcecode.swift; path = saverView.swift; sourceTree = "<group>"; };
		07A1DB412368AF67002C0474 /* SpriteScreenSaverView.swift */ = {isa = PBXFileReference; lastKnownFileType = sourcecode.swift; path = SpriteScreenSaverView.swift; sourceTree = "<group>"; };
		07A1DB442368AFB4002C0474 /* PeaceClockScene.swift */ = {isa = PBXFileReference; lastKnownFileType = sourcecode.swift; path = PeaceClockScene.swift; sourceTree = "<group>"; };
/* End PBXFileReference section */

/* Begin PBXFrameworksBuildPhase section */
		079C20CF21F91C6600D0229E /* Frameworks */ = {
			isa = PBXFrameworksBuildPhase;
			buildActionMask = 2147483647;
			files = (
			);
			runOnlyForDeploymentPostprocessing = 0;
		};
		079C20E221F91CBE00D0229E /* Frameworks */ = {
			isa = PBXFrameworksBuildPhase;
			buildActionMask = 2147483647;
			files = (
			);
			runOnlyForDeploymentPostprocessing = 0;
		};
/* End PBXFrameworksBuildPhase section */

/* Begin PBXGroup section */
		079C20A021F91BC200D0229E = {
			isa = PBXGroup;
			children = (
				079C20D321F91C6600D0229E /* Runner */,
				079C20E621F91CBE00D0229E /* SwiftScreenSaver */,
				079C20AA21F91BC200D0229E /* Products */,
			);
			sourceTree = "<group>";
		};
		079C20AA21F91BC200D0229E /* Products */ = {
			isa = PBXGroup;
			children = (
				079C20D221F91C6600D0229E /* Runner.app */,
				079C20E521F91CBE00D0229E /* PeaceClock.saver */,
			);
			name = Products;
			sourceTree = "<group>";
		};
		079C20D321F91C6600D0229E /* Runner */ = {
			isa = PBXGroup;
			children = (
				079C20D421F91C6600D0229E /* AppDelegate.swift */,
				079C20D621F91C6700D0229E /* Assets.xcassets */,
				079C20D821F91C6700D0229E /* MainMenu.xib */,
				079C20DB21F91C6700D0229E /* Info.plist */,
				079C20DC21F91C6700D0229E /* Runner.entitlements */,
			);
			path = Runner;
			sourceTree = "<group>";
		};
		079C20E621F91CBE00D0229E /* SwiftScreenSaver */ = {
			isa = PBXGroup;
			children = (
				07A1DB442368AFB4002C0474 /* PeaceClockScene.swift */,
				07A1DB412368AF67002C0474 /* SpriteScreenSaverView.swift */,
				079C20F221F91CFF00D0229E /* saverView.swift */,
				079C20EB21F91CBE00D0229E /* Info.plist */,
			);
			path = SwiftScreenSaver;
			sourceTree = "<group>";
		};
/* End PBXGroup section */

/* Begin PBXHeadersBuildPhase section */
		079C20E021F91CBE00D0229E /* Headers */ = {
			isa = PBXHeadersBuildPhase;
			buildActionMask = 2147483647;
			files = (
			);
			runOnlyForDeploymentPostprocessing = 0;
		};
/* End PBXHeadersBuildPhase section */

/* Begin PBXNativeTarget section */
		079C20D121F91C6600D0229E /* Runner */ = {
			isa = PBXNativeTarget;
			buildConfigurationList = 079C20DD21F91C6700D0229E /* Build configuration list for PBXNativeTarget "Runner" */;
			buildPhases = (
				079C20CE21F91C6600D0229E /* Sources */,
				079C20CF21F91C6600D0229E /* Frameworks */,
				079C20D021F91C6600D0229E /* Resources */,
			);
			buildRules = (
			);
			dependencies = (
				079C20F521F91D7300D0229E /* PBXTargetDependency */,
			);
			name = Runner;
			productName = Runner;
			productReference = 079C20D221F91C6600D0229E /* Runner.app */;
			productType = "com.apple.product-type.application";
		};
		079C20E421F91CBE00D0229E /* PeaceClock */ = {
			isa = PBXNativeTarget;
			buildConfigurationList = 079C20EC21F91CBE00D0229E /* Build configuration list for PBXNativeTarget "PeaceClock" */;
			buildPhases = (
				079C20E021F91CBE00D0229E /* Headers */,
				079C20E121F91CBE00D0229E /* Sources */,
				079C20E221F91CBE00D0229E /* Frameworks */,
				079C20E321F91CBE00D0229E /* Resources */,
			);
			buildRules = (
			);
			dependencies = (
			);
			name = PeaceClock;
			productName = "Pickup Sticks";
			productReference = 079C20E521F91CBE00D0229E /* PeaceClock.saver */;
			productType = "com.apple.product-type.bundle";
		};
/* End PBXNativeTarget section */

/* Begin PBXProject section */
		079C20A121F91BC200D0229E /* Project object */ = {
			isa = PBXProject;
			attributes = {
				LastSwiftUpdateCheck = 1010;
				LastUpgradeCheck = 1110;
				ORGANIZATIONNAME = "O-R-G";
				TargetAttributes = {
					079C20D121F91C6600D0229E = {
						CreatedOnToolsVersion = 10.1;
					};
					079C20E421F91CBE00D0229E = {
						CreatedOnToolsVersion = 10.1;
						LastSwiftMigration = 1110;
					};
				};
			};
			buildConfigurationList = 079C20A421F91BC200D0229E /* Build configuration list for PBXProject "SwiftScreenSaver" */;
			compatibilityVersion = "Xcode 9.3";
			developmentRegion = en;
			hasScannedForEncodings = 0;
			knownRegions = (
				en,
				Base,
			);
			mainGroup = 079C20A021F91BC200D0229E;
			productRefGroup = 079C20AA21F91BC200D0229E /* Products */;
			projectDirPath = "";
			projectRoot = "";
			targets = (
				079C20D121F91C6600D0229E /* Runner */,
				079C20E421F91CBE00D0229E /* PeaceClock */,
			);
		};
/* End PBXProject section */

/* Begin PBXResourcesBuildPhase section */
		079C20D021F91C6600D0229E /* Resources */ = {
			isa = PBXResourcesBuildPhase;
			buildActionMask = 2147483647;
			files = (
				079C20D721F91C6700D0229E /* Assets.xcassets in Resources */,
				079C20DA21F91C6700D0229E /* MainMenu.xib in Resources */,
			);
			runOnlyForDeploymentPostprocessing = 0;
		};
		079C20E321F91CBE00D0229E /* Resources */ = {
			isa = PBXResourcesBuildPhase;
			buildActionMask = 2147483647;
			files = (
			);
			runOnlyForDeploymentPostprocessing = 0;
		};
/* End PBXResourcesBuildPhase section */

/* Begin PBXSourcesBuildPhase section */
		079C20CE21F91C6600D0229E /* Sources */ = {
			isa = PBXSourcesBuildPhase;
			buildActionMask = 2147483647;
			files = (
				079C20D521F91C6600D0229E /* AppDelegate.swift in Sources */,
			);
			runOnlyForDeploymentPostprocessing = 0;
		};
		079C20E121F91CBE00D0229E /* Sources */ = {
			isa = PBXSourcesBuildPhase;
			buildActionMask = 2147483647;
			files = (
				079C20F321F91CFF00D0229E /* saverView.swift in Sources */,
				07A1DB432368AF6E002C0474 /* SpriteScreenSaverView.swift in Sources */,
				07A1DB462368AFB4002C0474 /* PeaceClockScene.swift in Sources */,
			);
			runOnlyForDeploymentPostprocessing = 0;
		};
/* End PBXSourcesBuildPhase section */

/* Begin PBXTargetDependency section */
		079C20F521F91D7300D0229E /* PBXTargetDependency */ = {
			isa = PBXTargetDependency;
			target = 079C20E421F91CBE00D0229E /* PeaceClock */;
			targetProxy = 079C20F421F91D7300D0229E /* PBXContainerItemProxy */;
		};
/* End PBXTargetDependency section */

/* Begin PBXVariantGroup section */
		079C20D821F91C6700D0229E /* MainMenu.xib */ = {
			isa = PBXVariantGroup;
			children = (
				079C20D921F91C6700D0229E /* Base */,
			);
			name = MainMenu.xib;
			sourceTree = "<group>";
		};
/* End PBXVariantGroup section */

/* Begin XCBuildConfiguration section */
		079C20B721F91BC300D0229E /* Debug */ = {
			isa = XCBuildConfiguration;
			buildSettings = {
				ALWAYS_SEARCH_USER_PATHS = NO;
				CLANG_ANALYZER_NONNULL = YES;
				CLANG_ANALYZER_NUMBER_OBJECT_CONVERSION = YES_AGGRESSIVE;
				CLANG_CXX_LANGUAGE_STANDARD = "gnu++14";
				CLANG_CXX_LIBRARY = "libc++";
				CLANG_ENABLE_MODULES = YES;
				CLANG_ENABLE_OBJC_ARC = YES;
				CLANG_ENABLE_OBJC_WEAK = YES;
				CLANG_WARN_BLOCK_CAPTURE_AUTORELEASING = YES;
				CLANG_WARN_BOOL_CONVERSION = YES;
				CLANG_WARN_COMMA = YES;
				CLANG_WARN_CONSTANT_CONVERSION = YES;
				CLANG_WARN_DEPRECATED_OBJC_IMPLEMENTATIONS = YES;
				CLANG_WARN_DIRECT_OBJC_ISA_USAGE = YES_ERROR;
				CLANG_WARN_DOCUMENTATION_COMMENTS = YES;
				CLANG_WARN_EMPTY_BODY = YES;
				CLANG_WARN_ENUM_CONVERSION = YES;
				CLANG_WARN_INFINITE_RECURSION = YES;
				CLANG_WARN_INT_CONVERSION = YES;
				CLANG_WARN_NON_LITERAL_NULL_CONVERSION = YES;
				CLANG_WARN_OBJC_IMPLICIT_RETAIN_SELF = YES;
				CLANG_WARN_OBJC_LITERAL_CONVERSION = YES;
				CLANG_WARN_OBJC_ROOT_CLASS = YES_ERROR;
				CLANG_WARN_RANGE_LOOP_ANALYSIS = YES;
				CLANG_WARN_STRICT_PROTOTYPES = YES;
				CLANG_WARN_SUSPICIOUS_MOVE = YES;
				CLANG_WARN_UNGUARDED_AVAILABILITY = YES_AGGRESSIVE;
				CLANG_WARN_UNREACHABLE_CODE = YES;
				CLANG_WARN__DUPLICATE_METHOD_MATCH = YES;
				CODE_SIGN_IDENTITY = "Mac Developer";
				COPY_PHASE_STRIP = NO;
				DEBUG_INFORMATION_FORMAT = dwarf;
				ENABLE_STRICT_OBJC_MSGSEND = YES;
				ENABLE_TESTABILITY = YES;
				GCC_C_LANGUAGE_STANDARD = gnu11;
				GCC_DYNAMIC_NO_PIC = NO;
				GCC_NO_COMMON_BLOCKS = YES;
				GCC_OPTIMIZATION_LEVEL = 0;
				GCC_PREPROCESSOR_DEFINITIONS = (
					"DEBUG=1",
					"$(inherited)",
				);
				GCC_WARN_64_TO_32_BIT_CONVERSION = YES;
				GCC_WARN_ABOUT_RETURN_TYPE = YES_ERROR;
				GCC_WARN_UNDECLARED_SELECTOR = YES;
				GCC_WARN_UNINITIALIZED_AUTOS = YES_AGGRESSIVE;
				GCC_WARN_UNUSED_FUNCTION = YES;
				GCC_WARN_UNUSED_VARIABLE = YES;
				MACOSX_DEPLOYMENT_TARGET = 10.14;
				MTL_ENABLE_DEBUG_INFO = INCLUDE_SOURCE;
				MTL_FAST_MATH = YES;
				ONLY_ACTIVE_ARCH = YES;
				SDKROOT = macosx;
				SWIFT_ACTIVE_COMPILATION_CONDITIONS = DEBUG;
				SWIFT_OPTIMIZATION_LEVEL = "-Onone";
			};
			name = Debug;
		};
		079C20B821F91BC300D0229E /* Release */ = {
			isa = XCBuildConfiguration;
			buildSettings = {
				ALWAYS_SEARCH_USER_PATHS = NO;
				CLANG_ANALYZER_NONNULL = YES;
				CLANG_ANALYZER_NUMBER_OBJECT_CONVERSION = YES_AGGRESSIVE;
				CLANG_CXX_LANGUAGE_STANDARD = "gnu++14";
				CLANG_CXX_LIBRARY = "libc++";
				CLANG_ENABLE_MODULES = YES;
				CLANG_ENABLE_OBJC_ARC = YES;
				CLANG_ENABLE_OBJC_WEAK = YES;
				CLANG_WARN_BLOCK_CAPTURE_AUTORELEASING = YES;
				CLANG_WARN_BOOL_CONVERSION = YES;
				CLANG_WARN_COMMA = YES;
				CLANG_WARN_CONSTANT_CONVERSION = YES;
				CLANG_WARN_DEPRECATED_OBJC_IMPLEMENTATIONS = YES;
				CLANG_WARN_DIRECT_OBJC_ISA_USAGE = YES_ERROR;
				CLANG_WARN_DOCUMENTATION_COMMENTS = YES;
				CLANG_WARN_EMPTY_BODY = YES;
				CLANG_WARN_ENUM_CONVERSION = YES;
				CLANG_WARN_INFINITE_RECURSION = YES;
				CLANG_WARN_INT_CONVERSION = YES;
				CLANG_WARN_NON_LITERAL_NULL_CONVERSION = YES;
				CLANG_WARN_OBJC_IMPLICIT_RETAIN_SELF = YES;
				CLANG_WARN_OBJC_LITERAL_CONVERSION = YES;
				CLANG_WARN_OBJC_ROOT_CLASS = YES_ERROR;
				CLANG_WARN_RANGE_LOOP_ANALYSIS = YES;
				CLANG_WARN_STRICT_PROTOTYPES = YES;
				CLANG_WARN_SUSPICIOUS_MOVE = YES;
				CLANG_WARN_UNGUARDED_AVAILABILITY = YES_AGGRESSIVE;
				CLANG_WARN_UNREACHABLE_CODE = YES;
				CLANG_WARN__DUPLICATE_METHOD_MATCH = YES;
				CODE_SIGN_IDENTITY = "Mac Developer";
				COPY_PHASE_STRIP = NO;
				DEBUG_INFORMATION_FORMAT = "dwarf-with-dsym";
				ENABLE_NS_ASSERTIONS = NO;
				ENABLE_STRICT_OBJC_MSGSEND = YES;
				GCC_C_LANGUAGE_STANDARD = gnu11;
				GCC_NO_COMMON_BLOCKS = YES;
				GCC_WARN_64_TO_32_BIT_CONVERSION = YES;
				GCC_WARN_ABOUT_RETURN_TYPE = YES_ERROR;
				GCC_WARN_UNDECLARED_SELECTOR = YES;
				GCC_WARN_UNINITIALIZED_AUTOS = YES_AGGRESSIVE;
				GCC_WARN_UNUSED_FUNCTION = YES;
				GCC_WARN_UNUSED_VARIABLE = YES;
				MACOSX_DEPLOYMENT_TARGET = 10.14;
				MTL_ENABLE_DEBUG_INFO = NO;
				MTL_FAST_MATH = YES;
				SDKROOT = macosx;
				SWIFT_COMPILATION_MODE = wholemodule;
				SWIFT_OPTIMIZATION_LEVEL = "-O";
			};
			name = Release;
		};
		079C20DE21F91C6700D0229E /* Debug */ = {
			isa = XCBuildConfiguration;
			buildSettings = {
				ASSETCATALOG_COMPILER_APPICON_NAME = AppIcon;
				CODE_SIGN_ENTITLEMENTS = Runner/Runner.entitlements;
				CODE_SIGN_IDENTITY = "-";
				CODE_SIGN_STYLE = Automatic;
				COMBINE_HIDPI_IMAGES = YES;
				DEVELOPMENT_TEAM = 2T5W462SEL;
				INFOPLIST_FILE = Runner/Info.plist;
				LD_RUNPATH_SEARCH_PATHS = (
					"$(inherited)",
					"@executable_path/../Frameworks",
				);
				PRODUCT_BUNDLE_IDENTIFIER = com.zakjensen.PeaceClockRunner;
				PRODUCT_NAME = "$(TARGET_NAME)";
				SWIFT_VERSION = 4.2;
			};
			name = Debug;
		};
		079C20DF21F91C6700D0229E /* Release */ = {
			isa = XCBuildConfiguration;
			buildSettings = {
				ASSETCATALOG_COMPILER_APPICON_NAME = AppIcon;
				CODE_SIGN_ENTITLEMENTS = Runner/Runner.entitlements;
				CODE_SIGN_IDENTITY = "-";
				CODE_SIGN_STYLE = Automatic;
				COMBINE_HIDPI_IMAGES = YES;
				DEVELOPMENT_TEAM = 2T5W462SEL;
				INFOPLIST_FILE = Runner/Info.plist;
				LD_RUNPATH_SEARCH_PATHS = (
					"$(inherited)",
					"@executable_path/../Frameworks",
				);
				PRODUCT_BUNDLE_IDENTIFIER = com.zakjensen.PeaceClockRunner;
				PRODUCT_NAME = "$(TARGET_NAME)";
				SWIFT_VERSION = 4.2;
			};
			name = Release;
		};
		079C20ED21F91CBE00D0229E /* Debug */ = {
			isa = XCBuildConfiguration;
			buildSettings = {
				ALWAYS_EMBED_SWIFT_STANDARD_LIBRARIES = YES;
				CLANG_ENABLE_MODULES = YES;
				CODE_SIGN_STYLE = Automatic;
				COMBINE_HIDPI_IMAGES = YES;
				DEVELOPMENT_TEAM = 2T5W462SEL;
				INFOPLIST_FILE = "$(SRCROOT)/SwiftScreenSaver/Info.plist";
				INSTALL_PATH = "$(HOME)/Library/Screen Savers";
				LD_RUNPATH_SEARCH_PATHS = (
					"$(inherited)",
					"@executable_path/../Frameworks",
					"@loader_path/../Frameworks",
				);
				PRODUCT_BUNDLE_IDENTIFIER = com.zakjensen.PeaceClock;
				PRODUCT_NAME = "$(TARGET_NAME)";
				SWIFT_OPTIMIZATION_LEVEL = "-Onone";
				SWIFT_VERSION = 5.0;
				WRAPPER_EXTENSION = saver;
			};
			name = Debug;
		};
		079C20EE21F91CBE00D0229E /* Release */ = {
			isa = XCBuildConfiguration;
			buildSettings = {
				ALWAYS_EMBED_SWIFT_STANDARD_LIBRARIES = YES;
				CLANG_ENABLE_MODULES = YES;
				CODE_SIGN_STYLE = Automatic;
				COMBINE_HIDPI_IMAGES = YES;
				DEVELOPMENT_TEAM = 2T5W462SEL;
				INFOPLIST_FILE = "$(SRCROOT)/SwiftScreenSaver/Info.plist";
				INSTALL_PATH = "$(HOME)/Library/Screen Savers";
				LD_RUNPATH_SEARCH_PATHS = (
					"$(inherited)",
					"@executable_path/../Frameworks",
					"@loader_path/../Frameworks",
				);
				PRODUCT_BUNDLE_IDENTIFIER = com.zakjensen.PeaceClock;
				PRODUCT_NAME = "$(TARGET_NAME)";
				SWIFT_VERSION = 5.0;
				WRAPPER_EXTENSION = saver;
			};
			name = Release;
		};
/* End XCBuildConfiguration section */

/* Begin XCConfigurationList section */
		079C20A421F91BC200D0229E /* Build configuration list for PBXProject "SwiftScreenSaver" */ = {
			isa = XCConfigurationList;
			buildConfigurations = (
				079C20B721F91BC300D0229E /* Debug */,
				079C20B821F91BC300D0229E /* Release */,
			);
			defaultConfigurationIsVisible = 0;
			defaultConfigurationName = Release;
		};
		079C20DD21F91C6700D0229E /* Build configuration list for PBXNativeTarget "Runner" */ = {
			isa = XCConfigurationList;
			buildConfigurations = (
				079C20DE21F91C6700D0229E /* Debug */,
				079C20DF21F91C6700D0229E /* Release */,
			);
			defaultConfigurationIsVisible = 0;
			defaultConfigurationName = Release;
		};
		079C20EC21F91CBE00D0229E /* Build configuration list for PBXNativeTarget "PeaceClock" */ = {
			isa = XCConfigurationList;
			buildConfigurations = (
				079C20ED21F91CBE00D0229E /* Debug */,
				079C20EE21F91CBE00D0229E /* Release */,
			);
			defaultConfigurationIsVisible = 0;
			defaultConfigurationName = Release;
		};
/* End XCConfigurationList section */
	};
	rootObject = 079C20A121F91BC200D0229E /* Project object */;
}
